
Microsoft Visual Studio Solution File, Format Version 12.00
# Visual Studio Version 16
VisualStudioVersion = 16.0.30503.244
MinimumVisualStudioVersion = 10.0.40219.1
Project("{FAE04EC0-301F-11D3-BF4B-00C04F79EFBC}") = "p2pRest", "p2pRest\p2pRest.csproj", "{20AB1E0E-2FC5-4B49-A97B-2DF734F104AA}"
EndProject
Global
	GlobalSection(SolutionConfigurationPlatforms) = preSolution
		Debug|Any CPU = Debug|Any CPU
		Release|Any CPU = Release|Any CPU
	EndGlobalSection
	GlobalSection(ProjectConfigurationPlatforms) = postSolution
		{20AB1E0E-2FC5-4B49-A97B-2DF734F104AA}.Debug|Any CPU.ActiveCfg = Debug|Any CPU
		{20AB1E0E-2FC5-4B49-A97B-2DF734F104AA}.Debug|Any CPU.Build.0 = Debug|Any CPU
		{20AB1E0E-2FC5-4B49-A97B-2DF734F104AA}.Release|Any CPU.ActiveCfg = Release|Any CPU
		{20AB1E0E-2FC5-4B49-A97B-2DF734F104AA}.Release|Any CPU.Build.0 = Release|Any CPU
	EndGlobalSection
	GlobalSection(SolutionProperties) = preSolution
		HideSolutionNode = FALSE
	EndGlobalSection
	GlobalSection(ExtensibilityGlobals) = postSolution
		SolutionGuid = {8EC906E8-0E29-4EA6-BD22-C5388A8A5619}
	EndGlobalSection
EndGlobal
